PODS:
  - KingDownloadManager (0.0.1)

DEPENDENCIES:
  - KingDownloadManager (from `../`)

EXTERNAL SOURCES:
  KingDownloadManager:
    :path: "../"

SPEC CHECKSUMS:
  KingDownloadManager: dfeceab67f8dc9d1c02a2b5c234799e88b270be2

PODFILE CHECKSUM: 744608c7d62428eda63dfb3125c7911cc9186d0f

COCOAPODS: 1.5.0
