PODS:
  - KingDownloadManager (0.0.1)

DEPENDENCIES:
  - KingDownloadManager (from `../`)

EXTERNAL SOURCES:
  KingDownloadManager:
    :path: ../

SPEC CHECKSUMS:
  KingDownloadManager: dc5c0b21d77b73663fcddf530ebc3cb914c92216

PODFILE CHECKSUM: 744608c7d62428eda63dfb3125c7911cc9186d0f

COCOAPODS: 1.1.1
